
Microsoft Visual Studio Solution File, Format Version 12.00
# Visual Studio 14
VisualStudioVersion = 14.0.25420.1
MinimumVisualStudioVersion = 10.0.40219.1
Project("{FAE04EC0-301F-11D3-BF4B-00C04F79EFBC}") = "BoatManagement", "BoatManagement\BoatManagement.csproj", "{B70B07E1-E315-4105-8EB6-EE5F890FE477}"
	ProjectSection(ProjectDependencies) = postProject
		{C0A08644-0CDE-408C-B7BA-81F41197D637} = {C0A08644-0CDE-408C-B7BA-81F41197D637}
	EndProjectSection
EndProject
Project("{FAE04EC0-301F-11D3-BF4B-00C04F79EFBC}") = "BoatService", "BoatService\BoatService.csproj", "{C0A08644-0CDE-408C-B7BA-81F41197D637}"
EndProject
Global
	GlobalSection(SolutionConfigurationPlatforms) = preSolution
		Debug|Any CPU = Debug|Any CPU
		Release|Any CPU = Release|Any CPU
	EndGlobalSection
	GlobalSection(ProjectConfigurationPlatforms) = postSolution
		{B70B07E1-E315-4105-8EB6-EE5F890FE477}.Debug|Any CPU.ActiveCfg = Debug|Any CPU
		{B70B07E1-E315-4105-8EB6-EE5F890FE477}.Debug|Any CPU.Build.0 = Debug|Any CPU
		{B70B07E1-E315-4105-8EB6-EE5F890FE477}.Release|Any CPU.ActiveCfg = Release|Any CPU
		{B70B07E1-E315-4105-8EB6-EE5F890FE477}.Release|Any CPU.Build.0 = Release|Any CPU
		{C0A08644-0CDE-408C-B7BA-81F41197D637}.Debug|Any CPU.ActiveCfg = Debug|Any CPU
		{C0A08644-0CDE-408C-B7BA-81F41197D637}.Debug|Any CPU.Build.0 = Debug|Any CPU
		{C0A08644-0CDE-408C-B7BA-81F41197D637}.Release|Any CPU.ActiveCfg = Release|Any CPU
		{C0A08644-0CDE-408C-B7BA-81F41197D637}.Release|Any CPU.Build.0 = Release|Any CPU
	EndGlobalSection
	GlobalSection(SolutionProperties) = preSolution
		HideSolutionNode = FALSE
	EndGlobalSection
EndGlobal
